
Microsoft Visual Studio Solution File, Format Version 12.00
# Visual Studio 14
VisualStudioVersion = 14.0.25420.1
MinimumVisualStudioVersion = 10.0.40219.1
Project("{FAE04EC0-301F-11D3-BF4B-00C04F79EFBC}") = "HQF.Tutorial.IOC.Unity", "Source\HQF.Tutorial.IOC.Unity\HQF.Tutorial.IOC.Unity.csproj", "{5B43971E-48DF-429F-9122-93EE320EDCC7}"
EndProject
Project("{FAE04EC0-301F-11D3-BF4B-00C04F79EFBC}") = "HQF.Tutorial.IOC.Ninject", "Source\HQF.Tutorial.IOC.Ninject\HQF.Tutorial.IOC.Ninject.csproj", "{60190839-4132-4513-81EC-64401D389C04}"
EndProject
Project("{FAE04EC0-301F-11D3-BF4B-00C04F79EFBC}") = "HQF.Tutorial.IOC.Autofac", "Source\HQF.Tutorial.IOC.Autofac\HQF.Tutorial.IOC.Autofac.csproj", "{BC1F186B-BA0A-4876-83E9-FCE5365C7B9B}"
EndProject
Project("{FAE04EC0-301F-11D3-BF4B-00C04F79EFBC}") = "HQF.Tutorial.IOC.MEF", "Source\HQF.Tutorial.IOC.MEF\HQF.Tutorial.IOC.MEF.csproj", "{C1EFF5AA-2875-415B-BFF8-76AC65724279}"
EndProject
Project("{2150E333-8FDC-42A3-9474-1A3956D46DE8}") = "Common", "Common", "{1787DC0E-4E51-496A-8546-637373FE0E4D}"
EndProject
Project("{FAE04EC0-301F-11D3-BF4B-00C04F79EFBC}") = "HQF.Tutorial.IOC.Common.Interface", "Source\Common\HQF.Tutorial.IOC.Common.Interface\HQF.Tutorial.IOC.Common.Interface.csproj", "{2833C8D8-593B-4B4D-BE21-35091231D9D5}"
EndProject
Project("{FAE04EC0-301F-11D3-BF4B-00C04F79EFBC}") = "HQF.Tutorial.IOC.Common.Implement", "Source\Common\HQF.Tutorial.IOC.Common.Implement\HQF.Tutorial.IOC.Common.Implement.csproj", "{71C38793-140E-4F0F-9682-0E3B0652520E}"
EndProject
Project("{2150E333-8FDC-42A3-9474-1A3956D46DE8}") = "Solution Items", "Solution Items", "{40DE4C96-8772-4053-B5E4-1BC05908F985}"
	ProjectSection(SolutionItems) = preProject
		Readme.md = Readme.md
	EndProjectSection
EndProject
Project("{FAE04EC0-301F-11D3-BF4B-00C04F79EFBC}") = "HQF.Tutorial.IOC.StructureMap", "Source\HQF.Tutorial.IOC.StructureMap\HQF.Tutorial.IOC.StructureMap.csproj", "{2A42485B-3C4C-4124-82CC-8091C7BE7FD1}"
EndProject
Project("{2150E333-8FDC-42A3-9474-1A3956D46DE8}") = "UnitTests", "UnitTests", "{F791926C-4081-4535-93E4-17D9E96FF9B0}"
EndProject
Project("{FAE04EC0-301F-11D3-BF4B-00C04F79EFBC}") = "HQF.Tutorial.IOC.Autofac.UnitTests", "UnitTests\HQF.Tutorial.IOC.Autofac.UnitTests\HQF.Tutorial.IOC.Autofac.UnitTests.csproj", "{2E3DF5C2-8A38-4A03-86D7-8D463C917E47}"
EndProject
Project("{2150E333-8FDC-42A3-9474-1A3956D46DE8}") = "DI", "DI", "{911C179F-D73A-4133-8E2B-6DA0B44BB892}"
EndProject
Project("{2150E333-8FDC-42A3-9474-1A3956D46DE8}") = "Aspects", "Aspects", "{50C553C1-28C6-4C71-88A8-D19E5D22A32F}"
EndProject
Project("{FAE04EC0-301F-11D3-BF4B-00C04F79EFBC}") = "HQF.Tutorial.IOC.AOP.Autofac", "Source\HQF.Tutorial.IOC.AOP.Autofac\HQF.Tutorial.IOC.AOP.Autofac.csproj", "{F155F26A-9BB4-400A-8BA4-F5B9ED400052}"
EndProject
Project("{FAE04EC0-301F-11D3-BF4B-00C04F79EFBC}") = "HQF.Tutorial.IOC.Common.Models", "Source\Common\HQF.Tutorial.IOC.Common.Models\HQF.Tutorial.IOC.Common.Models.csproj", "{F9DBA16C-F407-412A-B1BD-9495D4966958}"
EndProject
Global
	GlobalSection(SolutionConfigurationPlatforms) = preSolution
		Debug|Any CPU = Debug|Any CPU
		Release|Any CPU = Release|Any CPU
	EndGlobalSection
	GlobalSection(ProjectConfigurationPlatforms) = postSolution
		{5B43971E-48DF-429F-9122-93EE320EDCC7}.Debug|Any CPU.ActiveCfg = Debug|Any CPU
		{5B43971E-48DF-429F-9122-93EE320EDCC7}.Debug|Any CPU.Build.0 = Debug|Any CPU
		{5B43971E-48DF-429F-9122-93EE320EDCC7}.Release|Any CPU.ActiveCfg = Release|Any CPU
		{5B43971E-48DF-429F-9122-93EE320EDCC7}.Release|Any CPU.Build.0 = Release|Any CPU
		{60190839-4132-4513-81EC-64401D389C04}.Debug|Any CPU.ActiveCfg = Debug|Any CPU
		{60190839-4132-4513-81EC-64401D389C04}.Debug|Any CPU.Build.0 = Debug|Any CPU
		{60190839-4132-4513-81EC-64401D389C04}.Release|Any CPU.ActiveCfg = Release|Any CPU
		{60190839-4132-4513-81EC-64401D389C04}.Release|Any CPU.Build.0 = Release|Any CPU
		{BC1F186B-BA0A-4876-83E9-FCE5365C7B9B}.Debug|Any CPU.ActiveCfg = Debug|Any CPU
		{BC1F186B-BA0A-4876-83E9-FCE5365C7B9B}.Debug|Any CPU.Build.0 = Debug|Any CPU
		{BC1F186B-BA0A-4876-83E9-FCE5365C7B9B}.Release|Any CPU.ActiveCfg = Release|Any CPU
		{BC1F186B-BA0A-4876-83E9-FCE5365C7B9B}.Release|Any CPU.Build.0 = Release|Any CPU
		{C1EFF5AA-2875-415B-BFF8-76AC65724279}.Debug|Any CPU.ActiveCfg = Debug|Any CPU
		{C1EFF5AA-2875-415B-BFF8-76AC65724279}.Debug|Any CPU.Build.0 = Debug|Any CPU
		{C1EFF5AA-2875-415B-BFF8-76AC65724279}.Release|Any CPU.ActiveCfg = Release|Any CPU
		{C1EFF5AA-2875-415B-BFF8-76AC65724279}.Release|Any CPU.Build.0 = Release|Any CPU
		{2833C8D8-593B-4B4D-BE21-35091231D9D5}.Debug|Any CPU.ActiveCfg = Debug|Any CPU
		{2833C8D8-593B-4B4D-BE21-35091231D9D5}.Debug|Any CPU.Build.0 = Debug|Any CPU
		{2833C8D8-593B-4B4D-BE21-35091231D9D5}.Release|Any CPU.ActiveCfg = Release|Any CPU
		{2833C8D8-593B-4B4D-BE21-35091231D9D5}.Release|Any CPU.Build.0 = Release|Any CPU
		{71C38793-140E-4F0F-9682-0E3B0652520E}.Debug|Any CPU.ActiveCfg = Debug|Any CPU
		{71C38793-140E-4F0F-9682-0E3B0652520E}.Debug|Any CPU.Build.0 = Debug|Any CPU
		{71C38793-140E-4F0F-9682-0E3B0652520E}.Release|Any CPU.ActiveCfg = Release|Any CPU
		{71C38793-140E-4F0F-9682-0E3B0652520E}.Release|Any CPU.Build.0 = Release|Any CPU
		{2A42485B-3C4C-4124-82CC-8091C7BE7FD1}.Debug|Any CPU.ActiveCfg = Debug|Any CPU
		{2A42485B-3C4C-4124-82CC-8091C7BE7FD1}.Debug|Any CPU.Build.0 = Debug|Any CPU
		{2A42485B-3C4C-4124-82CC-8091C7BE7FD1}.Release|Any CPU.ActiveCfg = Release|Any CPU
		{2A42485B-3C4C-4124-82CC-8091C7BE7FD1}.Release|Any CPU.Build.0 = Release|Any CPU
		{2E3DF5C2-8A38-4A03-86D7-8D463C917E47}.Debug|Any CPU.ActiveCfg = Debug|Any CPU
		{2E3DF5C2-8A38-4A03-86D7-8D463C917E47}.Debug|Any CPU.Build.0 = Debug|Any CPU
		{2E3DF5C2-8A38-4A03-86D7-8D463C917E47}.Release|Any CPU.ActiveCfg = Release|Any CPU
		{2E3DF5C2-8A38-4A03-86D7-8D463C917E47}.Release|Any CPU.Build.0 = Release|Any CPU
		{F155F26A-9BB4-400A-8BA4-F5B9ED400052}.Debug|Any CPU.ActiveCfg = Debug|Any CPU
		{F155F26A-9BB4-400A-8BA4-F5B9ED400052}.Debug|Any CPU.Build.0 = Debug|Any CPU
		{F155F26A-9BB4-400A-8BA4-F5B9ED400052}.Release|Any CPU.ActiveCfg = Release|Any CPU
		{F155F26A-9BB4-400A-8BA4-F5B9ED400052}.Release|Any CPU.Build.0 = Release|Any CPU
		{F9DBA16C-F407-412A-B1BD-9495D4966958}.Debug|Any CPU.ActiveCfg = Debug|Any CPU
		{F9DBA16C-F407-412A-B1BD-9495D4966958}.Debug|Any CPU.Build.0 = Debug|Any CPU
		{F9DBA16C-F407-412A-B1BD-9495D4966958}.Release|Any CPU.ActiveCfg = Release|Any CPU
		{F9DBA16C-F407-412A-B1BD-9495D4966958}.Release|Any CPU.Build.0 = Release|Any CPU
	EndGlobalSection
	GlobalSection(SolutionProperties) = preSolution
		HideSolutionNode = FALSE
	EndGlobalSection
	GlobalSection(NestedProjects) = preSolution
		{5B43971E-48DF-429F-9122-93EE320EDCC7} = {911C179F-D73A-4133-8E2B-6DA0B44BB892}
		{60190839-4132-4513-81EC-64401D389C04} = {911C179F-D73A-4133-8E2B-6DA0B44BB892}
		{BC1F186B-BA0A-4876-83E9-FCE5365C7B9B} = {911C179F-D73A-4133-8E2B-6DA0B44BB892}
		{C1EFF5AA-2875-415B-BFF8-76AC65724279} = {911C179F-D73A-4133-8E2B-6DA0B44BB892}
		{2833C8D8-593B-4B4D-BE21-35091231D9D5} = {1787DC0E-4E51-496A-8546-637373FE0E4D}
		{71C38793-140E-4F0F-9682-0E3B0652520E} = {1787DC0E-4E51-496A-8546-637373FE0E4D}
		{2A42485B-3C4C-4124-82CC-8091C7BE7FD1} = {911C179F-D73A-4133-8E2B-6DA0B44BB892}
		{2E3DF5C2-8A38-4A03-86D7-8D463C917E47} = {F791926C-4081-4535-93E4-17D9E96FF9B0}
		{F155F26A-9BB4-400A-8BA4-F5B9ED400052} = {50C553C1-28C6-4C71-88A8-D19E5D22A32F}
		{F9DBA16C-F407-412A-B1BD-9495D4966958} = {1787DC0E-4E51-496A-8546-637373FE0E4D}
	EndGlobalSection
EndGlobal
